
Microsoft Visual Studio Solution File, Format Version 11.00
# Visual Studio 2010
Project("{FAE04EC0-301F-11D3-BF4B-00C04F79EFBC}") = "Assembly-CSharp", "Assembly-CSharp.csproj", "{005fe2be-7fd3-4053-120f-ff224cef23ee}"
EndProject
Project("{FAE04EC0-301F-11D3-BF4B-00C04F79EFBC}") = "Assembly-CSharp-Editor", "Assembly-CSharp-Editor.csproj", "{0303ce41-e7c8-0562-9814-d19530343bc9}"
EndProject
Global
	GlobalSection(SolutionConfigurationPlatforms) = preSolution
		Debug|Any CPU = Debug|Any CPU
	EndGlobalSection
	GlobalSection(ProjectConfigurationPlatforms) = postSolution
		{005fe2be-7fd3-4053-120f-ff224cef23ee}.Debug|Any CPU.ActiveCfg = Debug|Any CPU
		{005fe2be-7fd3-4053-120f-ff224cef23ee}.Debug|Any CPU.Build.0 = Debug|Any CPU
		{0303ce41-e7c8-0562-9814-d19530343bc9}.Debug|Any CPU.ActiveCfg = Debug|Any CPU
		{0303ce41-e7c8-0562-9814-d19530343bc9}.Debug|Any CPU.Build.0 = Debug|Any CPU
	EndGlobalSection
	GlobalSection(SolutionProperties) = preSolution
		HideSolutionNode = FALSE
	EndGlobalSection
EndGlobal
