
Microsoft Visual Studio Solution File, Format Version 11.00
# Visual Studio 2010
Project("{FAE04EC0-301F-11D3-BF4B-00C04F79EFBC}") = "Assembly-CSharp", "Assembly-CSharp.csproj", "{0f88b211-3f86-9bdb-046c-acaada031a84}"
EndProject
Project("{FAE04EC0-301F-11D3-BF4B-00C04F79EFBC}") = "Assembly-CSharp-Editor", "Assembly-CSharp-Editor.csproj", "{01e90888-c9e2-a4b2-039e-61abba8d911d}"
EndProject
Global
	GlobalSection(SolutionConfigurationPlatforms) = preSolution
		Debug|Any CPU = Debug|Any CPU
	EndGlobalSection
	GlobalSection(ProjectConfigurationPlatforms) = postSolution
		{0f88b211-3f86-9bdb-046c-acaada031a84}.Debug|Any CPU.ActiveCfg = Debug|Any CPU
		{0f88b211-3f86-9bdb-046c-acaada031a84}.Debug|Any CPU.Build.0 = Debug|Any CPU
		{01e90888-c9e2-a4b2-039e-61abba8d911d}.Debug|Any CPU.ActiveCfg = Debug|Any CPU
		{01e90888-c9e2-a4b2-039e-61abba8d911d}.Debug|Any CPU.Build.0 = Debug|Any CPU
	EndGlobalSection
	GlobalSection(SolutionProperties) = preSolution
		HideSolutionNode = FALSE
	EndGlobalSection
EndGlobal
